github.com/CatInBeard/inkview v0.3.11 h1:H144WWQZhw3whMjHT8ZUBRgJpltMQMqsngeSHaKTjh8=
github.com/CatInBeard/inkview v0.3.11/go.mod h1:lkuF/eQnlvcYhui8GmjhGZPAJgbB+YZwRdZsKpkfNNE=
github.com/CatInBeard/inkview v0.3.12 h1:WNJb9DNlre0LRoSqTtdA3XCqoMSkz6EVF62yAtWu09A=
github.com/CatInBeard/inkview v0.3.12/go.mod h1:lkuF/eQnlvcYhui8GmjhGZPAJgbB+YZwRdZsKpkfNNE=
